{
  "name": "oracletuner",
  "version": "1.0.0",
  "lockfileVersion": 3,
  "requires": true,
  "packages": {
    "": {
      "name": "oracletuner",
      "version": "1.0.0",
      "license": "ISC",
      "dependencies": {
        "open-grid": "^1.4.0"
      }
    },
    "node_modules/open-grid": {
      "version": "1.4.0",
      "resolved": "https://registry.npmjs.org/open-grid/-/open-grid-1.4.0.tgz",
      "integrity": "sha512-2jaLhI74kiVm47xJjFeQdORLt/iIPPihP0dsrZLu9KXhtB9QUOD06VMKfgpDdpIsYsL8PhOBtXeaCmP4lz5Nhw==",
      "license": "MIT",
      "peerDependencies": {
        "react": ">=18.0.0",
        "react-dom": ">=18.0.0",
        "vue": ">=3.0.0"
      },
      "peerDependenciesMeta": {
        "react": {
          "optional": true
        },
        "react-dom": {
          "optional": true
        },
        "vue": {
          "optional": true
        }
      }
    }
  }
}
